
Microsoft Visual Studio Solution File, Format Version 12.00
Project("{FAE04EC0-301F-11D3-BF4B-00C04F79EFBC}") = "SokobanUltimate", "SokobanUltimate\SokobanUltimate.csproj", "{A0453BF7-E9C7-4468-AAE6-96C0615E12BB}"
EndProject
Global
	GlobalSection(SolutionConfigurationPlatforms) = preSolution
		Debug|Any CPU = Debug|Any CPU
		Release|Any CPU = Release|Any CPU
	EndGlobalSection
	GlobalSection(ProjectConfigurationPlatforms) = postSolution
		{A0453BF7-E9C7-4468-AAE6-96C0615E12BB}.Debug|Any CPU.ActiveCfg = Debug|Any CPU
		{A0453BF7-E9C7-4468-AAE6-96C0615E12BB}.Debug|Any CPU.Build.0 = Debug|Any CPU
		{A0453BF7-E9C7-4468-AAE6-96C0615E12BB}.Release|Any CPU.ActiveCfg = Release|Any CPU
		{A0453BF7-E9C7-4468-AAE6-96C0615E12BB}.Release|Any CPU.Build.0 = Release|Any CPU
	EndGlobalSection
EndGlobal
